
Microsoft Visual Studio Solution File, Format Version 12.00
# Visual Studio Version 16
VisualStudioVersion = 16.0.31911.196
MinimumVisualStudioVersion = 10.0.40219.1
Project("{FAE04EC0-301F-11D3-BF4B-00C04F79EFBC}") = "CodefirstEF", "CodefirstEF.csproj", "{7CF0619E-704B-4744-BAA5-466F24214170}"
EndProject
Global
	GlobalSection(SolutionConfigurationPlatforms) = preSolution
		Debug|Any CPU = Debug|Any CPU
		Release|Any CPU = Release|Any CPU
	EndGlobalSection
	GlobalSection(ProjectConfigurationPlatforms) = postSolution
		{7CF0619E-704B-4744-BAA5-466F24214170}.Debug|Any CPU.ActiveCfg = Debug|Any CPU
		{7CF0619E-704B-4744-BAA5-466F24214170}.Debug|Any CPU.Build.0 = Debug|Any CPU
		{7CF0619E-704B-4744-BAA5-466F24214170}.Release|Any CPU.ActiveCfg = Release|Any CPU
		{7CF0619E-704B-4744-BAA5-466F24214170}.Release|Any CPU.Build.0 = Release|Any CPU
	EndGlobalSection
	GlobalSection(SolutionProperties) = preSolution
		HideSolutionNode = FALSE
	EndGlobalSection
	GlobalSection(ExtensibilityGlobals) = postSolution
		SolutionGuid = {68034FF9-70B1-480E-8EFC-E8D7D258CD03}
	EndGlobalSection
EndGlobal
