
Microsoft Visual Studio Solution File, Format Version 12.00
# Visual Studio Version 17
VisualStudioVersion = 17.0.31903.59
MinimumVisualStudioVersion = 10.0.40219.1
Project("{2150E333-8FDC-42A3-9474-1A3956D46DE8}") = "session1", "session1", "{026AC38B-9BD2-492D-8572-D895BC072D4B}"
EndProject
Project("{FAE04EC0-301F-11D3-BF4B-00C04F79EFBC}") = "test2", "session1\test2\test2.csproj", "{C7861D63-2693-48F4-9AC7-CA5E00946D62}"
EndProject
Project("{FAE04EC0-301F-11D3-BF4B-00C04F79EFBC}") = "test1", "session1\test1\test1.csproj", "{15790263-94C5-4214-9319-322466CC467F}"
EndProject
Project("{2150E333-8FDC-42A3-9474-1A3956D46DE8}") = "donam2539@gmail.com", "donam2539@gmail.com", "{9530DEFB-8E1C-4BE8-A056-165A67DEC901}"
EndProject
Project("{2150E333-8FDC-42A3-9474-1A3956D46DE8}") = "homework", "homework", "{47A3F01A-6818-4C0F-8DA3-2D66220188F0}"
EndProject
Project("{FAE04EC0-301F-11D3-BF4B-00C04F79EFBC}") = "lession3", "donam2539@gmail.com\homework\lession3\lession3.csproj", "{8FB43C47-D949-4EF0-AFF3-F940CD90DB81}"
EndProject
Project("{FAE04EC0-301F-11D3-BF4B-00C04F79EFBC}") = "lession1", "donam2539@gmail.com\homework\lession1\lession1.csproj", "{93BB939C-3390-4EE2-97B2-83CD59735B92}"
EndProject
Project("{FAE04EC0-301F-11D3-BF4B-00C04F79EFBC}") = "lession2", "donam2539@gmail.com\homework\lession2\lession2.csproj", "{4EAAEF47-F768-4260-B14F-61EC8A59B0D7}"
EndProject
Project("{2150E333-8FDC-42A3-9474-1A3956D46DE8}") = "chungnb", "chungnb", "{80DD198B-8FD2-4182-93C5-5DB865E765BD}"
EndProject
Project("{FAE04EC0-301F-11D3-BF4B-00C04F79EFBC}") = "ChungnbSolutions", "chungnb\ChungnbSolutions\ChungnbSolutions.csproj", "{144D87A6-3AB5-40F4-80AC-11F59340AF60}"
EndProject
Project("{2150E333-8FDC-42A3-9474-1A3956D46DE8}") = "ndkdzl", "ndkdzl", "{B09FAB87-0E9F-4E79-BD81-8234CC81041B}"
EndProject
Project("{FAE04EC0-301F-11D3-BF4B-00C04F79EFBC}") = "kiennd", "ndkdzl\exercise4\kiennd.csproj", "{4D0F43E7-6996-4339-83DE-4DDB91434F46}"
EndProject
Project("{2150E333-8FDC-42A3-9474-1A3956D46DE8}") = "congminh699669@gmail.com", "congminh699669@gmail.com", "{B6564206-D3D0-4C74-B3DB-BDEC400B7392}"
EndProject
Project("{FAE04EC0-301F-11D3-BF4B-00C04F79EFBC}") = "test1", "congminh699669@gmail.com\test1\test1.csproj", "{7CAB38E6-A473-476C-8B67-F0B5B2C08C66}"
EndProject
Project("{2150E333-8FDC-42A3-9474-1A3956D46DE8}") = "tanghuy31101999@gmail.com", "tanghuy31101999@gmail.com", "{856C51DA-8EE3-4FA7-90DA-29C0B1CFA0F7}"
EndProject
Project("{2150E333-8FDC-42A3-9474-1A3956D46DE8}") = "ConsoleApp1", "ConsoleApp1", "{3C6AFBD1-34D4-4CF5-9194-EE0E2457FB64}"
EndProject
Project("{FAE04EC0-301F-11D3-BF4B-00C04F79EFBC}") = "ConsoleApp2", "tanghuy31101999@gmail.com\ConsoleApp1\ConsoleApp2\ConsoleApp2.csproj", "{418612BD-41AC-414A-BF69-0365D0DD9E44}"
EndProject
Project("{FAE04EC0-301F-11D3-BF4B-00C04F79EFBC}") = "ConsoleApp1", "tanghuy31101999@gmail.com\ConsoleApp1\ConsoleApp1\ConsoleApp1.csproj", "{0B8B6046-0536-4954-BBC2-CA6FA463478F}"
EndProject
Project("{FAE04EC0-301F-11D3-BF4B-00C04F79EFBC}") = "ConsoleApp3", "tanghuy31101999@gmail.com\ConsoleApp1\ConsoleApp3\ConsoleApp3.csproj", "{B49E2A95-1A4A-49A3-993D-6C3E682BD37B}"
EndProject
Project("{2150E333-8FDC-42A3-9474-1A3956D46DE8}") = "vinhhttt@gmail.com", "vinhhttt@gmail.com", "{7A6EF4AF-FF78-45E3-A491-0D567C221FC0}"
EndProject
Project("{FAE04EC0-301F-11D3-BF4B-00C04F79EFBC}") = "ConsoleApp1", "vinhhttt@gmail.com\Day_4_13_08_2024\ConsoleApp1.csproj", "{6C28D074-7DB9-4FEA-8C13-99DBCF6A7492}"
EndProject
Project("{2150E333-8FDC-42A3-9474-1A3956D46DE8}") = "session2", "session2", "{56E53F20-B3ED-42C3-9AC7-0F6B4FB0B193}"
EndProject
Project("{FAE04EC0-301F-11D3-BF4B-00C04F79EFBC}") = "whiletruetest", "session2\whiletruetest\whiletruetest.csproj", "{CA5CC8F3-1BDB-4349-9D14-AA1D1D237852}"
EndProject
Global
	GlobalSection(SolutionConfigurationPlatforms) = preSolution
		Debug|Any CPU = Debug|Any CPU
		Release|Any CPU = Release|Any CPU
	EndGlobalSection
	GlobalSection(SolutionProperties) = preSolution
		HideSolutionNode = FALSE
	EndGlobalSection
	GlobalSection(ProjectConfigurationPlatforms) = postSolution
		{C7861D63-2693-48F4-9AC7-CA5E00946D62}.Debug|Any CPU.ActiveCfg = Debug|Any CPU
		{C7861D63-2693-48F4-9AC7-CA5E00946D62}.Debug|Any CPU.Build.0 = Debug|Any CPU
		{C7861D63-2693-48F4-9AC7-CA5E00946D62}.Release|Any CPU.ActiveCfg = Release|Any CPU
		{C7861D63-2693-48F4-9AC7-CA5E00946D62}.Release|Any CPU.Build.0 = Release|Any CPU
		{15790263-94C5-4214-9319-322466CC467F}.Debug|Any CPU.ActiveCfg = Debug|Any CPU
		{15790263-94C5-4214-9319-322466CC467F}.Debug|Any CPU.Build.0 = Debug|Any CPU
		{15790263-94C5-4214-9319-322466CC467F}.Release|Any CPU.ActiveCfg = Release|Any CPU
		{15790263-94C5-4214-9319-322466CC467F}.Release|Any CPU.Build.0 = Release|Any CPU
		{8FB43C47-D949-4EF0-AFF3-F940CD90DB81}.Debug|Any CPU.ActiveCfg = Debug|Any CPU
		{8FB43C47-D949-4EF0-AFF3-F940CD90DB81}.Debug|Any CPU.Build.0 = Debug|Any CPU
		{8FB43C47-D949-4EF0-AFF3-F940CD90DB81}.Release|Any CPU.ActiveCfg = Release|Any CPU
		{8FB43C47-D949-4EF0-AFF3-F940CD90DB81}.Release|Any CPU.Build.0 = Release|Any CPU
		{93BB939C-3390-4EE2-97B2-83CD59735B92}.Debug|Any CPU.ActiveCfg = Debug|Any CPU
		{93BB939C-3390-4EE2-97B2-83CD59735B92}.Debug|Any CPU.Build.0 = Debug|Any CPU
		{93BB939C-3390-4EE2-97B2-83CD59735B92}.Release|Any CPU.ActiveCfg = Release|Any CPU
		{93BB939C-3390-4EE2-97B2-83CD59735B92}.Release|Any CPU.Build.0 = Release|Any CPU
		{4EAAEF47-F768-4260-B14F-61EC8A59B0D7}.Debug|Any CPU.ActiveCfg = Debug|Any CPU
		{4EAAEF47-F768-4260-B14F-61EC8A59B0D7}.Debug|Any CPU.Build.0 = Debug|Any CPU
		{4EAAEF47-F768-4260-B14F-61EC8A59B0D7}.Release|Any CPU.ActiveCfg = Release|Any CPU
		{4EAAEF47-F768-4260-B14F-61EC8A59B0D7}.Release|Any CPU.Build.0 = Release|Any CPU
		{144D87A6-3AB5-40F4-80AC-11F59340AF60}.Debug|Any CPU.ActiveCfg = Debug|Any CPU
		{144D87A6-3AB5-40F4-80AC-11F59340AF60}.Debug|Any CPU.Build.0 = Debug|Any CPU
		{144D87A6-3AB5-40F4-80AC-11F59340AF60}.Release|Any CPU.ActiveCfg = Release|Any CPU
		{144D87A6-3AB5-40F4-80AC-11F59340AF60}.Release|Any CPU.Build.0 = Release|Any CPU
		{4D0F43E7-6996-4339-83DE-4DDB91434F46}.Debug|Any CPU.ActiveCfg = Debug|Any CPU
		{4D0F43E7-6996-4339-83DE-4DDB91434F46}.Debug|Any CPU.Build.0 = Debug|Any CPU
		{4D0F43E7-6996-4339-83DE-4DDB91434F46}.Release|Any CPU.ActiveCfg = Release|Any CPU
		{4D0F43E7-6996-4339-83DE-4DDB91434F46}.Release|Any CPU.Build.0 = Release|Any CPU
		{7CAB38E6-A473-476C-8B67-F0B5B2C08C66}.Debug|Any CPU.ActiveCfg = Debug|Any CPU
		{7CAB38E6-A473-476C-8B67-F0B5B2C08C66}.Debug|Any CPU.Build.0 = Debug|Any CPU
		{7CAB38E6-A473-476C-8B67-F0B5B2C08C66}.Release|Any CPU.ActiveCfg = Release|Any CPU
		{7CAB38E6-A473-476C-8B67-F0B5B2C08C66}.Release|Any CPU.Build.0 = Release|Any CPU
		{418612BD-41AC-414A-BF69-0365D0DD9E44}.Debug|Any CPU.ActiveCfg = Debug|Any CPU
		{418612BD-41AC-414A-BF69-0365D0DD9E44}.Debug|Any CPU.Build.0 = Debug|Any CPU
		{418612BD-41AC-414A-BF69-0365D0DD9E44}.Release|Any CPU.ActiveCfg = Release|Any CPU
		{418612BD-41AC-414A-BF69-0365D0DD9E44}.Release|Any CPU.Build.0 = Release|Any CPU
		{0B8B6046-0536-4954-BBC2-CA6FA463478F}.Debug|Any CPU.ActiveCfg = Debug|Any CPU
		{0B8B6046-0536-4954-BBC2-CA6FA463478F}.Debug|Any CPU.Build.0 = Debug|Any CPU
		{0B8B6046-0536-4954-BBC2-CA6FA463478F}.Release|Any CPU.ActiveCfg = Release|Any CPU
		{0B8B6046-0536-4954-BBC2-CA6FA463478F}.Release|Any CPU.Build.0 = Release|Any CPU
		{B49E2A95-1A4A-49A3-993D-6C3E682BD37B}.Debug|Any CPU.ActiveCfg = Debug|Any CPU
		{B49E2A95-1A4A-49A3-993D-6C3E682BD37B}.Debug|Any CPU.Build.0 = Debug|Any CPU
		{B49E2A95-1A4A-49A3-993D-6C3E682BD37B}.Release|Any CPU.ActiveCfg = Release|Any CPU
		{B49E2A95-1A4A-49A3-993D-6C3E682BD37B}.Release|Any CPU.Build.0 = Release|Any CPU
		{6C28D074-7DB9-4FEA-8C13-99DBCF6A7492}.Debug|Any CPU.ActiveCfg = Debug|Any CPU
		{6C28D074-7DB9-4FEA-8C13-99DBCF6A7492}.Debug|Any CPU.Build.0 = Debug|Any CPU
		{6C28D074-7DB9-4FEA-8C13-99DBCF6A7492}.Release|Any CPU.ActiveCfg = Release|Any CPU
		{6C28D074-7DB9-4FEA-8C13-99DBCF6A7492}.Release|Any CPU.Build.0 = Release|Any CPU
		{CA5CC8F3-1BDB-4349-9D14-AA1D1D237852}.Debug|Any CPU.ActiveCfg = Debug|Any CPU
		{CA5CC8F3-1BDB-4349-9D14-AA1D1D237852}.Debug|Any CPU.Build.0 = Debug|Any CPU
		{CA5CC8F3-1BDB-4349-9D14-AA1D1D237852}.Release|Any CPU.ActiveCfg = Release|Any CPU
		{CA5CC8F3-1BDB-4349-9D14-AA1D1D237852}.Release|Any CPU.Build.0 = Release|Any CPU
	EndGlobalSection
	GlobalSection(NestedProjects) = preSolution
		{C7861D63-2693-48F4-9AC7-CA5E00946D62} = {026AC38B-9BD2-492D-8572-D895BC072D4B}
		{15790263-94C5-4214-9319-322466CC467F} = {026AC38B-9BD2-492D-8572-D895BC072D4B}
		{47A3F01A-6818-4C0F-8DA3-2D66220188F0} = {9530DEFB-8E1C-4BE8-A056-165A67DEC901}
		{8FB43C47-D949-4EF0-AFF3-F940CD90DB81} = {47A3F01A-6818-4C0F-8DA3-2D66220188F0}
		{93BB939C-3390-4EE2-97B2-83CD59735B92} = {47A3F01A-6818-4C0F-8DA3-2D66220188F0}
		{4EAAEF47-F768-4260-B14F-61EC8A59B0D7} = {47A3F01A-6818-4C0F-8DA3-2D66220188F0}
		{144D87A6-3AB5-40F4-80AC-11F59340AF60} = {80DD198B-8FD2-4182-93C5-5DB865E765BD}
		{4D0F43E7-6996-4339-83DE-4DDB91434F46} = {B09FAB87-0E9F-4E79-BD81-8234CC81041B}
		{7CAB38E6-A473-476C-8B67-F0B5B2C08C66} = {B6564206-D3D0-4C74-B3DB-BDEC400B7392}
		{3C6AFBD1-34D4-4CF5-9194-EE0E2457FB64} = {856C51DA-8EE3-4FA7-90DA-29C0B1CFA0F7}
		{418612BD-41AC-414A-BF69-0365D0DD9E44} = {3C6AFBD1-34D4-4CF5-9194-EE0E2457FB64}
		{0B8B6046-0536-4954-BBC2-CA6FA463478F} = {3C6AFBD1-34D4-4CF5-9194-EE0E2457FB64}
		{B49E2A95-1A4A-49A3-993D-6C3E682BD37B} = {3C6AFBD1-34D4-4CF5-9194-EE0E2457FB64}
		{6C28D074-7DB9-4FEA-8C13-99DBCF6A7492} = {7A6EF4AF-FF78-45E3-A491-0D567C221FC0}
		{CA5CC8F3-1BDB-4349-9D14-AA1D1D237852} = {56E53F20-B3ED-42C3-9AC7-0F6B4FB0B193}
	EndGlobalSection
EndGlobal
