
Microsoft Visual Studio Solution File, Format Version 12.00
# Visual Studio Version 17
VisualStudioVersion = 17.0.31903.59
MinimumVisualStudioVersion = 10.0.40219.1
Project("{2150E333-8FDC-42A3-9474-1A3956D46DE8}") = "lehuytung0301@gmail.com", "lehuytung0301@gmail.com", "{380CEB35-03D0-48DB-8EDD-0F2159B5250B}"
EndProject
Project("{2150E333-8FDC-42A3-9474-1A3956D46DE8}") = "buoi2", "buoi2", "{153AC7FA-E0A2-485B-A332-C8D5177D7430}"
EndProject
Project("{FAE04EC0-301F-11D3-BF4B-00C04F79EFBC}") = "buoi2", "lehuytung0301@gmail.com\buoi2\buoi2\buoi2.csproj", "{FB060286-5114-4B13-9C4F-08ABDC9A1051}"
EndProject
Project("{2150E333-8FDC-42A3-9474-1A3956D46DE8}") = "buoi3", "buoi3", "{204279E2-F670-4997-A1BF-CF0FDA379FEF}"
EndProject
Project("{2150E333-8FDC-42A3-9474-1A3956D46DE8}") = "abstractClass", "abstractClass", "{E407D462-FABB-463F-82AB-58C50E5F2119}"
EndProject
Project("{FAE04EC0-301F-11D3-BF4B-00C04F79EFBC}") = "abstractClass", "lehuytung0301@gmail.com\buoi3\abstractClass\abstractClass\abstractClass.csproj", "{541976A7-675D-4EB0-B02C-4A267AFE7000}"
EndProject
Project("{FAE04EC0-301F-11D3-BF4B-00C04F79EFBC}") = "anhpm", "anhpm\anhpm.csproj", "{E1390A9A-968B-4A25-9B52-31705E25B385}"
EndProject
Project("{2150E333-8FDC-42A3-9474-1A3956D46DE8}") = "session4", "session4", "{B1CC5BAA-7CF9-4E0E-9C3B-895763FAD17C}"
EndProject
Project("{FAE04EC0-301F-11D3-BF4B-00C04F79EFBC}") = "asynctest", "session4\asynctest\asynctest.csproj", "{CD0C7E06-8D0C-4EE5-B273-C05403C04079}"
EndProject
Project("{2150E333-8FDC-42A3-9474-1A3956D46DE8}") = "session1", "session1", "{46BB2135-AB78-4BB2-AFD9-E66BE31E68DA}"
EndProject
Project("{FAE04EC0-301F-11D3-BF4B-00C04F79EFBC}") = "test2", "session1\test2\test2.csproj", "{12B74841-9B97-4E37-A025-84A3AA8EF620}"
EndProject
Project("{FAE04EC0-301F-11D3-BF4B-00C04F79EFBC}") = "test1", "session1\test1\test1.csproj", "{6716D1DB-38D6-4401-82C7-77FF110783E2}"
EndProject
Project("{2150E333-8FDC-42A3-9474-1A3956D46DE8}") = "donam2539@gmail.com", "donam2539@gmail.com", "{000E37EB-FA5D-485F-991C-29B661E99468}"
EndProject
Project("{2150E333-8FDC-42A3-9474-1A3956D46DE8}") = "homework", "homework", "{E00BDC7C-E1BD-4A20-9F68-B82AE22BF541}"
EndProject
Project("{FAE04EC0-301F-11D3-BF4B-00C04F79EFBC}") = "lession3", "donam2539@gmail.com\homework\lession3\lession3.csproj", "{8C74B459-2A71-440B-9DB2-AACD0F08508F}"
EndProject
Project("{FAE04EC0-301F-11D3-BF4B-00C04F79EFBC}") = "lession1", "donam2539@gmail.com\homework\lession1\lession1.csproj", "{9E20DE7E-185F-45EC-8672-67E92EBEDB0A}"
EndProject
Project("{FAE04EC0-301F-11D3-BF4B-00C04F79EFBC}") = "lession4", "donam2539@gmail.com\homework\lession4\lession4.csproj", "{D8019E82-784B-4A5D-ADA7-637314546826}"
EndProject
Project("{FAE04EC0-301F-11D3-BF4B-00C04F79EFBC}") = "lession2", "donam2539@gmail.com\homework\lession2\lession2.csproj", "{08788370-A913-48E8-B67E-DDD7166C47EC}"
EndProject
Project("{FAE04EC0-301F-11D3-BF4B-00C04F79EFBC}") = "lession5", "donam2539@gmail.com\homework\lession5\lession5.csproj", "{215B7D3E-46E2-470F-8CC7-DBBBF2438AB2}"
EndProject
Project("{FAE04EC0-301F-11D3-BF4B-00C04F79EFBC}") = "abstract", "donam2539@gmail.com\homework\Abstract\abstract.csproj", "{031734DB-DFBD-42A0-A1A5-355EC2336DE6}"
EndProject
Project("{2150E333-8FDC-42A3-9474-1A3956D46DE8}") = "chungnb", "chungnb", "{B1E89AA8-5CDD-4454-B4E6-96BBBCEF13C1}"
EndProject
Project("{FAE04EC0-301F-11D3-BF4B-00C04F79EFBC}") = "ChungnbSolutions", "chungnb\ChungnbSolutions\ChungnbSolutions.csproj", "{2C4EE125-1365-4E8D-AEE5-72AB981F2C37}"
EndProject
Project("{FAE04EC0-301F-11D3-BF4B-00C04F79EFBC}") = "ChungnbAbstraction", "chungnb\ChungnbAbstraction\ChungnbAbstraction.csproj", "{53EBF28A-1232-4083-9F87-4C03D7FCDC05}"
EndProject
Project("{FAE04EC0-301F-11D3-BF4B-00C04F79EFBC}") = "ChungnbAbstractClass", "chungnb\ChungnbAbstractClass\ChungnbAbstractClass.csproj", "{2C9872F1-59CB-42B6-AC9F-D97DE274B95F}"
EndProject
Project("{FAE04EC0-301F-11D3-BF4B-00C04F79EFBC}") = "ChapterFiveSolutions", "chungnb\ChapterFiveSolutions\ChapterFiveSolutions.csproj", "{22BC1ED5-B229-4C6C-A147-C7E65BB26E44}"
EndProject
Project("{2150E333-8FDC-42A3-9474-1A3956D46DE8}") = "ndkdzl", "ndkdzl", "{43758C9B-B2D1-4A27-859F-8798FD5D39A5}"
EndProject
Project("{FAE04EC0-301F-11D3-BF4B-00C04F79EFBC}") = "kiennd", "ndkdzl\exercise4\kiennd.csproj", "{0716DE25-9E4B-44B0-A0B9-29B209525F64}"
EndProject
Project("{FAE04EC0-301F-11D3-BF4B-00C04F79EFBC}") = "exercsie9", "ndkdzl\exercsie9\exercsie9.csproj", "{4B9E807D-1105-4FC9-B46C-A5419F28979D}"
EndProject
Project("{FAE04EC0-301F-11D3-BF4B-00C04F79EFBC}") = "exercise10", "ndkdzl\exercise10\exercise10.csproj", "{C28C1B80-82E0-455B-AF38-2E5724ABCB48}"
EndProject
Project("{FAE04EC0-301F-11D3-BF4B-00C04F79EFBC}") = "exercise8", "ndkdzl\exercise8\exercise8.csproj", "{C924417B-D597-4531-B5A1-AB1BB3EBA8A3}"
EndProject
Project("{2150E333-8FDC-42A3-9474-1A3956D46DE8}") = "congminh699669@gmail.com", "congminh699669@gmail.com", "{9B70D95D-D060-419C-B139-BD95CEAB4A89}"
EndProject
Project("{FAE04EC0-301F-11D3-BF4B-00C04F79EFBC}") = "EFGetStarted", "congminh699669@gmail.com\EFGetStarted\EFGetStarted.csproj", "{2A328680-EC6F-4CB5-A32E-0A5E8E03331A}"
EndProject
Project("{2150E333-8FDC-42A3-9474-1A3956D46DE8}") = "asp-net", "asp-net", "{B61FF291-284E-44D5-ABF2-C22179EF4644}"
EndProject
Project("{FAE04EC0-301F-11D3-BF4B-00C04F79EFBC}") = "aspnetcoreapp", "congminh699669@gmail.com\asp-net\aspnetcoreapp\aspnetcoreapp.csproj", "{C23D5101-B68A-42A3-AD96-1A42A3A11171}"
EndProject
Project("{FAE04EC0-301F-11D3-BF4B-00C04F79EFBC}") = "tutorial", "congminh699669@gmail.com\tutorial\tutorial.csproj", "{DB5EE8E8-1B85-4773-9F2B-F4A7B98E4099}"
EndProject
Project("{FAE04EC0-301F-11D3-BF4B-00C04F79EFBC}") = "test1", "congminh699669@gmail.com\week1\test1.csproj", "{128B4B83-285D-4870-9FB7-9D2DEC71BD6C}"
EndProject
Project("{FAE04EC0-301F-11D3-BF4B-00C04F79EFBC}") = "week2", "congminh699669@gmail.com\week2\week2.csproj", "{657223F8-D28B-4A45-A6FB-86F764DEDB7A}"
EndProject
Project("{2150E333-8FDC-42A3-9474-1A3956D46DE8}") = "tanghuy31101999@gmail.com", "tanghuy31101999@gmail.com", "{C42247F0-F5B1-47FE-901A-523A80C88D6C}"
EndProject
Project("{2150E333-8FDC-42A3-9474-1A3956D46DE8}") = "ConsoleApp1", "ConsoleApp1", "{F8165CD0-D2D6-4791-ADDE-C9BFD2322D53}"
EndProject
Project("{FAE04EC0-301F-11D3-BF4B-00C04F79EFBC}") = "abstractClass", "tanghuy31101999@gmail.com\ConsoleApp1\abstractClass\abstractClass.csproj", "{6ADF0F32-CBA2-4D39-AE22-3A1EF73A4C21}"
EndProject
Project("{FAE04EC0-301F-11D3-BF4B-00C04F79EFBC}") = "ConsoleApp2", "tanghuy31101999@gmail.com\ConsoleApp1\ConsoleApp2\ConsoleApp2.csproj", "{BABF4845-A308-460E-BE6A-033544FCAE3F}"
EndProject
Project("{FAE04EC0-301F-11D3-BF4B-00C04F79EFBC}") = "ConsoleApp1", "tanghuy31101999@gmail.com\ConsoleApp1\ConsoleApp1\ConsoleApp1.csproj", "{D3A45088-DD07-4796-9F2F-3160E778E223}"
EndProject
Project("{FAE04EC0-301F-11D3-BF4B-00C04F79EFBC}") = "day3", "tanghuy31101999@gmail.com\ConsoleApp1\day3\day3.csproj", "{7667CCFE-F301-43D6-8A84-4FA1EC16625A}"
EndProject
Project("{FAE04EC0-301F-11D3-BF4B-00C04F79EFBC}") = "ConsoleApp3", "tanghuy31101999@gmail.com\ConsoleApp1\ConsoleApp3\ConsoleApp3.csproj", "{BADEE6AB-6A16-4F80-A53C-1EB26D6D548E}"
EndProject
Project("{FAE04EC0-301F-11D3-BF4B-00C04F79EFBC}") = "day1", "tanghuy31101999@gmail.com\ConsoleApp1\day1\day1.csproj", "{B8771E98-77E2-4146-8A91-78E0945251CC}"
EndProject
Project("{FAE04EC0-301F-11D3-BF4B-00C04F79EFBC}") = "day10", "tanghuy31101999@gmail.com\ConsoleApp1\day10\day10.csproj", "{C5D565FF-3B51-44BB-909E-A11825160A35}"
EndProject
Project("{FAE04EC0-301F-11D3-BF4B-00C04F79EFBC}") = "day2", "tanghuy31101999@gmail.com\ConsoleApp1\day2\day2.csproj", "{6CD53388-76D9-4846-BAF2-4418EEEE6E31}"
EndProject
Project("{2150E333-8FDC-42A3-9474-1A3956D46DE8}") = "vinhhttt@gmail.com", "vinhhttt@gmail.com", "{E149B8EF-79FA-42B4-9773-833E9E06EAD0}"
EndProject
Project("{FAE04EC0-301F-11D3-BF4B-00C04F79EFBC}") = "ConsoleApp1", "vinhhttt@gmail.com\Day_4_13_08_2024\ConsoleApp1.csproj", "{C3DE8954-7A40-4B21-8E5C-E10A0BAE6A36}"
EndProject
Project("{FAE04EC0-301F-11D3-BF4B-00C04F79EFBC}") = "Week3", "vinhhttt@gmail.com\Week3\Week3.csproj", "{BCD13094-23D5-4C4B-87A2-2F3A2C7673A3}"
EndProject
Project("{2150E333-8FDC-42A3-9474-1A3956D46DE8}") = "tranmanhdung1609@gmail.com", "tranmanhdung1609@gmail.com", "{D0D31BD7-8F3C-4020-808C-2500F3B16E10}"
EndProject
Project("{FAE04EC0-301F-11D3-BF4B-00C04F79EFBC}") = "abclass", "tranmanhdung1609@gmail.com\abstractClass\abclass.csproj", "{CD9FA06B-CD17-48D3-B84A-EC5C549388B4}"
EndProject
Project("{FAE04EC0-301F-11D3-BF4B-00C04F79EFBC}") = "exercise", "tranmanhdung1609@gmail.com\exercise\exercise.csproj", "{F4DF7299-CD44-4DFC-9DDB-88D8ADD915CC}"
EndProject
Project("{2150E333-8FDC-42A3-9474-1A3956D46DE8}") = "session3", "session3", "{8EB316CB-54E7-4669-905A-28FA6DFDD5FB}"
EndProject
Project("{FAE04EC0-301F-11D3-BF4B-00C04F79EFBC}") = "EFGetStarted", "session3\EFGetStarted\EFGetStarted.csproj", "{F99DDA48-1939-4903-B543-30006A4787EB}"
EndProject
Project("{FAE04EC0-301F-11D3-BF4B-00C04F79EFBC}") = "testapi", "session3\testapi\testapi.csproj", "{5A968DCB-E519-4C4E-8E2C-6062DB10C222}"
EndProject
Project("{FAE04EC0-301F-11D3-BF4B-00C04F79EFBC}") = "aspnetcoreapp", "session3\aspnetcoreapp\aspnetcoreapp.csproj", "{34A4F2C5-FAC7-4D4F-B746-BA2C83BE7D23}"
EndProject
Project("{2150E333-8FDC-42A3-9474-1A3956D46DE8}") = "session2", "session2", "{4AD5D5E9-2011-47F4-AF0A-AB90DE85FBF6}"
EndProject
Project("{FAE04EC0-301F-11D3-BF4B-00C04F79EFBC}") = "whiletruetest", "session2\whiletruetest\whiletruetest.csproj", "{9F0CB587-9A24-40C4-9A31-60D62E8502A1}"
EndProject
Global
	GlobalSection(SolutionConfigurationPlatforms) = preSolution
		Debug|Any CPU = Debug|Any CPU
		Release|Any CPU = Release|Any CPU
	EndGlobalSection
	GlobalSection(SolutionProperties) = preSolution
		HideSolutionNode = FALSE
	EndGlobalSection
	GlobalSection(ProjectConfigurationPlatforms) = postSolution
		{FB060286-5114-4B13-9C4F-08ABDC9A1051}.Debug|Any CPU.ActiveCfg = Debug|Any CPU
		{FB060286-5114-4B13-9C4F-08ABDC9A1051}.Debug|Any CPU.Build.0 = Debug|Any CPU
		{FB060286-5114-4B13-9C4F-08ABDC9A1051}.Release|Any CPU.ActiveCfg = Release|Any CPU
		{FB060286-5114-4B13-9C4F-08ABDC9A1051}.Release|Any CPU.Build.0 = Release|Any CPU
		{541976A7-675D-4EB0-B02C-4A267AFE7000}.Debug|Any CPU.ActiveCfg = Debug|Any CPU
		{541976A7-675D-4EB0-B02C-4A267AFE7000}.Debug|Any CPU.Build.0 = Debug|Any CPU
		{541976A7-675D-4EB0-B02C-4A267AFE7000}.Release|Any CPU.ActiveCfg = Release|Any CPU
		{541976A7-675D-4EB0-B02C-4A267AFE7000}.Release|Any CPU.Build.0 = Release|Any CPU
		{E1390A9A-968B-4A25-9B52-31705E25B385}.Debug|Any CPU.ActiveCfg = Debug|Any CPU
		{E1390A9A-968B-4A25-9B52-31705E25B385}.Debug|Any CPU.Build.0 = Debug|Any CPU
		{E1390A9A-968B-4A25-9B52-31705E25B385}.Release|Any CPU.ActiveCfg = Release|Any CPU
		{E1390A9A-968B-4A25-9B52-31705E25B385}.Release|Any CPU.Build.0 = Release|Any CPU
		{CD0C7E06-8D0C-4EE5-B273-C05403C04079}.Debug|Any CPU.ActiveCfg = Debug|Any CPU
		{CD0C7E06-8D0C-4EE5-B273-C05403C04079}.Debug|Any CPU.Build.0 = Debug|Any CPU
		{CD0C7E06-8D0C-4EE5-B273-C05403C04079}.Release|Any CPU.ActiveCfg = Release|Any CPU
		{CD0C7E06-8D0C-4EE5-B273-C05403C04079}.Release|Any CPU.Build.0 = Release|Any CPU
		{12B74841-9B97-4E37-A025-84A3AA8EF620}.Debug|Any CPU.ActiveCfg = Debug|Any CPU
		{12B74841-9B97-4E37-A025-84A3AA8EF620}.Debug|Any CPU.Build.0 = Debug|Any CPU
		{12B74841-9B97-4E37-A025-84A3AA8EF620}.Release|Any CPU.ActiveCfg = Release|Any CPU
		{12B74841-9B97-4E37-A025-84A3AA8EF620}.Release|Any CPU.Build.0 = Release|Any CPU
		{6716D1DB-38D6-4401-82C7-77FF110783E2}.Debug|Any CPU.ActiveCfg = Debug|Any CPU
		{6716D1DB-38D6-4401-82C7-77FF110783E2}.Debug|Any CPU.Build.0 = Debug|Any CPU
		{6716D1DB-38D6-4401-82C7-77FF110783E2}.Release|Any CPU.ActiveCfg = Release|Any CPU
		{6716D1DB-38D6-4401-82C7-77FF110783E2}.Release|Any CPU.Build.0 = Release|Any CPU
		{8C74B459-2A71-440B-9DB2-AACD0F08508F}.Debug|Any CPU.ActiveCfg = Debug|Any CPU
		{8C74B459-2A71-440B-9DB2-AACD0F08508F}.Debug|Any CPU.Build.0 = Debug|Any CPU
		{8C74B459-2A71-440B-9DB2-AACD0F08508F}.Release|Any CPU.ActiveCfg = Release|Any CPU
		{8C74B459-2A71-440B-9DB2-AACD0F08508F}.Release|Any CPU.Build.0 = Release|Any CPU
		{9E20DE7E-185F-45EC-8672-67E92EBEDB0A}.Debug|Any CPU.ActiveCfg = Debug|Any CPU
		{9E20DE7E-185F-45EC-8672-67E92EBEDB0A}.Debug|Any CPU.Build.0 = Debug|Any CPU
		{9E20DE7E-185F-45EC-8672-67E92EBEDB0A}.Release|Any CPU.ActiveCfg = Release|Any CPU
		{9E20DE7E-185F-45EC-8672-67E92EBEDB0A}.Release|Any CPU.Build.0 = Release|Any CPU
		{D8019E82-784B-4A5D-ADA7-637314546826}.Debug|Any CPU.ActiveCfg = Debug|Any CPU
		{D8019E82-784B-4A5D-ADA7-637314546826}.Debug|Any CPU.Build.0 = Debug|Any CPU
		{D8019E82-784B-4A5D-ADA7-637314546826}.Release|Any CPU.ActiveCfg = Release|Any CPU
		{D8019E82-784B-4A5D-ADA7-637314546826}.Release|Any CPU.Build.0 = Release|Any CPU
		{08788370-A913-48E8-B67E-DDD7166C47EC}.Debug|Any CPU.ActiveCfg = Debug|Any CPU
		{08788370-A913-48E8-B67E-DDD7166C47EC}.Debug|Any CPU.Build.0 = Debug|Any CPU
		{08788370-A913-48E8-B67E-DDD7166C47EC}.Release|Any CPU.ActiveCfg = Release|Any CPU
		{08788370-A913-48E8-B67E-DDD7166C47EC}.Release|Any CPU.Build.0 = Release|Any CPU
		{215B7D3E-46E2-470F-8CC7-DBBBF2438AB2}.Debug|Any CPU.ActiveCfg = Debug|Any CPU
		{215B7D3E-46E2-470F-8CC7-DBBBF2438AB2}.Debug|Any CPU.Build.0 = Debug|Any CPU
		{215B7D3E-46E2-470F-8CC7-DBBBF2438AB2}.Release|Any CPU.ActiveCfg = Release|Any CPU
		{215B7D3E-46E2-470F-8CC7-DBBBF2438AB2}.Release|Any CPU.Build.0 = Release|Any CPU
		{031734DB-DFBD-42A0-A1A5-355EC2336DE6}.Debug|Any CPU.ActiveCfg = Debug|Any CPU
		{031734DB-DFBD-42A0-A1A5-355EC2336DE6}.Debug|Any CPU.Build.0 = Debug|Any CPU
		{031734DB-DFBD-42A0-A1A5-355EC2336DE6}.Release|Any CPU.ActiveCfg = Release|Any CPU
		{031734DB-DFBD-42A0-A1A5-355EC2336DE6}.Release|Any CPU.Build.0 = Release|Any CPU
		{2C4EE125-1365-4E8D-AEE5-72AB981F2C37}.Debug|Any CPU.ActiveCfg = Debug|Any CPU
		{2C4EE125-1365-4E8D-AEE5-72AB981F2C37}.Debug|Any CPU.Build.0 = Debug|Any CPU
		{2C4EE125-1365-4E8D-AEE5-72AB981F2C37}.Release|Any CPU.ActiveCfg = Release|Any CPU
		{2C4EE125-1365-4E8D-AEE5-72AB981F2C37}.Release|Any CPU.Build.0 = Release|Any CPU
		{53EBF28A-1232-4083-9F87-4C03D7FCDC05}.Debug|Any CPU.ActiveCfg = Debug|Any CPU
		{53EBF28A-1232-4083-9F87-4C03D7FCDC05}.Debug|Any CPU.Build.0 = Debug|Any CPU
		{53EBF28A-1232-4083-9F87-4C03D7FCDC05}.Release|Any CPU.ActiveCfg = Release|Any CPU
		{53EBF28A-1232-4083-9F87-4C03D7FCDC05}.Release|Any CPU.Build.0 = Release|Any CPU
		{2C9872F1-59CB-42B6-AC9F-D97DE274B95F}.Debug|Any CPU.ActiveCfg = Debug|Any CPU
		{2C9872F1-59CB-42B6-AC9F-D97DE274B95F}.Debug|Any CPU.Build.0 = Debug|Any CPU
		{2C9872F1-59CB-42B6-AC9F-D97DE274B95F}.Release|Any CPU.ActiveCfg = Release|Any CPU
		{2C9872F1-59CB-42B6-AC9F-D97DE274B95F}.Release|Any CPU.Build.0 = Release|Any CPU
		{22BC1ED5-B229-4C6C-A147-C7E65BB26E44}.Debug|Any CPU.ActiveCfg = Debug|Any CPU
		{22BC1ED5-B229-4C6C-A147-C7E65BB26E44}.Debug|Any CPU.Build.0 = Debug|Any CPU
		{22BC1ED5-B229-4C6C-A147-C7E65BB26E44}.Release|Any CPU.ActiveCfg = Release|Any CPU
		{22BC1ED5-B229-4C6C-A147-C7E65BB26E44}.Release|Any CPU.Build.0 = Release|Any CPU
		{0716DE25-9E4B-44B0-A0B9-29B209525F64}.Debug|Any CPU.ActiveCfg = Debug|Any CPU
		{0716DE25-9E4B-44B0-A0B9-29B209525F64}.Debug|Any CPU.Build.0 = Debug|Any CPU
		{0716DE25-9E4B-44B0-A0B9-29B209525F64}.Release|Any CPU.ActiveCfg = Release|Any CPU
		{0716DE25-9E4B-44B0-A0B9-29B209525F64}.Release|Any CPU.Build.0 = Release|Any CPU
		{4B9E807D-1105-4FC9-B46C-A5419F28979D}.Debug|Any CPU.ActiveCfg = Debug|Any CPU
		{4B9E807D-1105-4FC9-B46C-A5419F28979D}.Debug|Any CPU.Build.0 = Debug|Any CPU
		{4B9E807D-1105-4FC9-B46C-A5419F28979D}.Release|Any CPU.ActiveCfg = Release|Any CPU
		{4B9E807D-1105-4FC9-B46C-A5419F28979D}.Release|Any CPU.Build.0 = Release|Any CPU
		{C28C1B80-82E0-455B-AF38-2E5724ABCB48}.Debug|Any CPU.ActiveCfg = Debug|Any CPU
		{C28C1B80-82E0-455B-AF38-2E5724ABCB48}.Debug|Any CPU.Build.0 = Debug|Any CPU
		{C28C1B80-82E0-455B-AF38-2E5724ABCB48}.Release|Any CPU.ActiveCfg = Release|Any CPU
		{C28C1B80-82E0-455B-AF38-2E5724ABCB48}.Release|Any CPU.Build.0 = Release|Any CPU
		{C924417B-D597-4531-B5A1-AB1BB3EBA8A3}.Debug|Any CPU.ActiveCfg = Debug|Any CPU
		{C924417B-D597-4531-B5A1-AB1BB3EBA8A3}.Debug|Any CPU.Build.0 = Debug|Any CPU
		{C924417B-D597-4531-B5A1-AB1BB3EBA8A3}.Release|Any CPU.ActiveCfg = Release|Any CPU
		{C924417B-D597-4531-B5A1-AB1BB3EBA8A3}.Release|Any CPU.Build.0 = Release|Any CPU
		{2A328680-EC6F-4CB5-A32E-0A5E8E03331A}.Debug|Any CPU.ActiveCfg = Debug|Any CPU
		{2A328680-EC6F-4CB5-A32E-0A5E8E03331A}.Debug|Any CPU.Build.0 = Debug|Any CPU
		{2A328680-EC6F-4CB5-A32E-0A5E8E03331A}.Release|Any CPU.ActiveCfg = Release|Any CPU
		{2A328680-EC6F-4CB5-A32E-0A5E8E03331A}.Release|Any CPU.Build.0 = Release|Any CPU
		{C23D5101-B68A-42A3-AD96-1A42A3A11171}.Debug|Any CPU.ActiveCfg = Debug|Any CPU
		{C23D5101-B68A-42A3-AD96-1A42A3A11171}.Debug|Any CPU.Build.0 = Debug|Any CPU
		{C23D5101-B68A-42A3-AD96-1A42A3A11171}.Release|Any CPU.ActiveCfg = Release|Any CPU
		{C23D5101-B68A-42A3-AD96-1A42A3A11171}.Release|Any CPU.Build.0 = Release|Any CPU
		{DB5EE8E8-1B85-4773-9F2B-F4A7B98E4099}.Debug|Any CPU.ActiveCfg = Debug|Any CPU
		{DB5EE8E8-1B85-4773-9F2B-F4A7B98E4099}.Debug|Any CPU.Build.0 = Debug|Any CPU
		{DB5EE8E8-1B85-4773-9F2B-F4A7B98E4099}.Release|Any CPU.ActiveCfg = Release|Any CPU
		{DB5EE8E8-1B85-4773-9F2B-F4A7B98E4099}.Release|Any CPU.Build.0 = Release|Any CPU
		{128B4B83-285D-4870-9FB7-9D2DEC71BD6C}.Debug|Any CPU.ActiveCfg = Debug|Any CPU
		{128B4B83-285D-4870-9FB7-9D2DEC71BD6C}.Debug|Any CPU.Build.0 = Debug|Any CPU
		{128B4B83-285D-4870-9FB7-9D2DEC71BD6C}.Release|Any CPU.ActiveCfg = Release|Any CPU
		{128B4B83-285D-4870-9FB7-9D2DEC71BD6C}.Release|Any CPU.Build.0 = Release|Any CPU
		{657223F8-D28B-4A45-A6FB-86F764DEDB7A}.Debug|Any CPU.ActiveCfg = Debug|Any CPU
		{657223F8-D28B-4A45-A6FB-86F764DEDB7A}.Debug|Any CPU.Build.0 = Debug|Any CPU
		{657223F8-D28B-4A45-A6FB-86F764DEDB7A}.Release|Any CPU.ActiveCfg = Release|Any CPU
		{657223F8-D28B-4A45-A6FB-86F764DEDB7A}.Release|Any CPU.Build.0 = Release|Any CPU
		{6ADF0F32-CBA2-4D39-AE22-3A1EF73A4C21}.Debug|Any CPU.ActiveCfg = Debug|Any CPU
		{6ADF0F32-CBA2-4D39-AE22-3A1EF73A4C21}.Debug|Any CPU.Build.0 = Debug|Any CPU
		{6ADF0F32-CBA2-4D39-AE22-3A1EF73A4C21}.Release|Any CPU.ActiveCfg = Release|Any CPU
		{6ADF0F32-CBA2-4D39-AE22-3A1EF73A4C21}.Release|Any CPU.Build.0 = Release|Any CPU
		{BABF4845-A308-460E-BE6A-033544FCAE3F}.Debug|Any CPU.ActiveCfg = Debug|Any CPU
		{BABF4845-A308-460E-BE6A-033544FCAE3F}.Debug|Any CPU.Build.0 = Debug|Any CPU
		{BABF4845-A308-460E-BE6A-033544FCAE3F}.Release|Any CPU.ActiveCfg = Release|Any CPU
		{BABF4845-A308-460E-BE6A-033544FCAE3F}.Release|Any CPU.Build.0 = Release|Any CPU
		{D3A45088-DD07-4796-9F2F-3160E778E223}.Debug|Any CPU.ActiveCfg = Debug|Any CPU
		{D3A45088-DD07-4796-9F2F-3160E778E223}.Debug|Any CPU.Build.0 = Debug|Any CPU
		{D3A45088-DD07-4796-9F2F-3160E778E223}.Release|Any CPU.ActiveCfg = Release|Any CPU
		{D3A45088-DD07-4796-9F2F-3160E778E223}.Release|Any CPU.Build.0 = Release|Any CPU
		{7667CCFE-F301-43D6-8A84-4FA1EC16625A}.Debug|Any CPU.ActiveCfg = Debug|Any CPU
		{7667CCFE-F301-43D6-8A84-4FA1EC16625A}.Debug|Any CPU.Build.0 = Debug|Any CPU
		{7667CCFE-F301-43D6-8A84-4FA1EC16625A}.Release|Any CPU.ActiveCfg = Release|Any CPU
		{7667CCFE-F301-43D6-8A84-4FA1EC16625A}.Release|Any CPU.Build.0 = Release|Any CPU
		{BADEE6AB-6A16-4F80-A53C-1EB26D6D548E}.Debug|Any CPU.ActiveCfg = Debug|Any CPU
		{BADEE6AB-6A16-4F80-A53C-1EB26D6D548E}.Debug|Any CPU.Build.0 = Debug|Any CPU
		{BADEE6AB-6A16-4F80-A53C-1EB26D6D548E}.Release|Any CPU.ActiveCfg = Release|Any CPU
		{BADEE6AB-6A16-4F80-A53C-1EB26D6D548E}.Release|Any CPU.Build.0 = Release|Any CPU
		{B8771E98-77E2-4146-8A91-78E0945251CC}.Debug|Any CPU.ActiveCfg = Debug|Any CPU
		{B8771E98-77E2-4146-8A91-78E0945251CC}.Debug|Any CPU.Build.0 = Debug|Any CPU
		{B8771E98-77E2-4146-8A91-78E0945251CC}.Release|Any CPU.ActiveCfg = Release|Any CPU
		{B8771E98-77E2-4146-8A91-78E0945251CC}.Release|Any CPU.Build.0 = Release|Any CPU
		{C5D565FF-3B51-44BB-909E-A11825160A35}.Debug|Any CPU.ActiveCfg = Debug|Any CPU
		{C5D565FF-3B51-44BB-909E-A11825160A35}.Debug|Any CPU.Build.0 = Debug|Any CPU
		{C5D565FF-3B51-44BB-909E-A11825160A35}.Release|Any CPU.ActiveCfg = Release|Any CPU
		{C5D565FF-3B51-44BB-909E-A11825160A35}.Release|Any CPU.Build.0 = Release|Any CPU
		{6CD53388-76D9-4846-BAF2-4418EEEE6E31}.Debug|Any CPU.ActiveCfg = Debug|Any CPU
		{6CD53388-76D9-4846-BAF2-4418EEEE6E31}.Debug|Any CPU.Build.0 = Debug|Any CPU
		{6CD53388-76D9-4846-BAF2-4418EEEE6E31}.Release|Any CPU.ActiveCfg = Release|Any CPU
		{6CD53388-76D9-4846-BAF2-4418EEEE6E31}.Release|Any CPU.Build.0 = Release|Any CPU
		{C3DE8954-7A40-4B21-8E5C-E10A0BAE6A36}.Debug|Any CPU.ActiveCfg = Debug|Any CPU
		{C3DE8954-7A40-4B21-8E5C-E10A0BAE6A36}.Debug|Any CPU.Build.0 = Debug|Any CPU
		{C3DE8954-7A40-4B21-8E5C-E10A0BAE6A36}.Release|Any CPU.ActiveCfg = Release|Any CPU
		{C3DE8954-7A40-4B21-8E5C-E10A0BAE6A36}.Release|Any CPU.Build.0 = Release|Any CPU
		{BCD13094-23D5-4C4B-87A2-2F3A2C7673A3}.Debug|Any CPU.ActiveCfg = Debug|Any CPU
		{BCD13094-23D5-4C4B-87A2-2F3A2C7673A3}.Debug|Any CPU.Build.0 = Debug|Any CPU
		{BCD13094-23D5-4C4B-87A2-2F3A2C7673A3}.Release|Any CPU.ActiveCfg = Release|Any CPU
		{BCD13094-23D5-4C4B-87A2-2F3A2C7673A3}.Release|Any CPU.Build.0 = Release|Any CPU
		{CD9FA06B-CD17-48D3-B84A-EC5C549388B4}.Debug|Any CPU.ActiveCfg = Debug|Any CPU
		{CD9FA06B-CD17-48D3-B84A-EC5C549388B4}.Debug|Any CPU.Build.0 = Debug|Any CPU
		{CD9FA06B-CD17-48D3-B84A-EC5C549388B4}.Release|Any CPU.ActiveCfg = Release|Any CPU
		{CD9FA06B-CD17-48D3-B84A-EC5C549388B4}.Release|Any CPU.Build.0 = Release|Any CPU
		{F4DF7299-CD44-4DFC-9DDB-88D8ADD915CC}.Debug|Any CPU.ActiveCfg = Debug|Any CPU
		{F4DF7299-CD44-4DFC-9DDB-88D8ADD915CC}.Debug|Any CPU.Build.0 = Debug|Any CPU
		{F4DF7299-CD44-4DFC-9DDB-88D8ADD915CC}.Release|Any CPU.ActiveCfg = Release|Any CPU
		{F4DF7299-CD44-4DFC-9DDB-88D8ADD915CC}.Release|Any CPU.Build.0 = Release|Any CPU
		{F99DDA48-1939-4903-B543-30006A4787EB}.Debug|Any CPU.ActiveCfg = Debug|Any CPU
		{F99DDA48-1939-4903-B543-30006A4787EB}.Debug|Any CPU.Build.0 = Debug|Any CPU
		{F99DDA48-1939-4903-B543-30006A4787EB}.Release|Any CPU.ActiveCfg = Release|Any CPU
		{F99DDA48-1939-4903-B543-30006A4787EB}.Release|Any CPU.Build.0 = Release|Any CPU
		{5A968DCB-E519-4C4E-8E2C-6062DB10C222}.Debug|Any CPU.ActiveCfg = Debug|Any CPU
		{5A968DCB-E519-4C4E-8E2C-6062DB10C222}.Debug|Any CPU.Build.0 = Debug|Any CPU
		{5A968DCB-E519-4C4E-8E2C-6062DB10C222}.Release|Any CPU.ActiveCfg = Release|Any CPU
		{5A968DCB-E519-4C4E-8E2C-6062DB10C222}.Release|Any CPU.Build.0 = Release|Any CPU
		{34A4F2C5-FAC7-4D4F-B746-BA2C83BE7D23}.Debug|Any CPU.ActiveCfg = Debug|Any CPU
		{34A4F2C5-FAC7-4D4F-B746-BA2C83BE7D23}.Debug|Any CPU.Build.0 = Debug|Any CPU
		{34A4F2C5-FAC7-4D4F-B746-BA2C83BE7D23}.Release|Any CPU.ActiveCfg = Release|Any CPU
		{34A4F2C5-FAC7-4D4F-B746-BA2C83BE7D23}.Release|Any CPU.Build.0 = Release|Any CPU
		{9F0CB587-9A24-40C4-9A31-60D62E8502A1}.Debug|Any CPU.ActiveCfg = Debug|Any CPU
		{9F0CB587-9A24-40C4-9A31-60D62E8502A1}.Debug|Any CPU.Build.0 = Debug|Any CPU
		{9F0CB587-9A24-40C4-9A31-60D62E8502A1}.Release|Any CPU.ActiveCfg = Release|Any CPU
		{9F0CB587-9A24-40C4-9A31-60D62E8502A1}.Release|Any CPU.Build.0 = Release|Any CPU
	EndGlobalSection
	GlobalSection(NestedProjects) = preSolution
		{153AC7FA-E0A2-485B-A332-C8D5177D7430} = {380CEB35-03D0-48DB-8EDD-0F2159B5250B}
		{FB060286-5114-4B13-9C4F-08ABDC9A1051} = {153AC7FA-E0A2-485B-A332-C8D5177D7430}
		{204279E2-F670-4997-A1BF-CF0FDA379FEF} = {380CEB35-03D0-48DB-8EDD-0F2159B5250B}
		{E407D462-FABB-463F-82AB-58C50E5F2119} = {204279E2-F670-4997-A1BF-CF0FDA379FEF}
		{541976A7-675D-4EB0-B02C-4A267AFE7000} = {E407D462-FABB-463F-82AB-58C50E5F2119}
		{CD0C7E06-8D0C-4EE5-B273-C05403C04079} = {B1CC5BAA-7CF9-4E0E-9C3B-895763FAD17C}
		{12B74841-9B97-4E37-A025-84A3AA8EF620} = {46BB2135-AB78-4BB2-AFD9-E66BE31E68DA}
		{6716D1DB-38D6-4401-82C7-77FF110783E2} = {46BB2135-AB78-4BB2-AFD9-E66BE31E68DA}
		{E00BDC7C-E1BD-4A20-9F68-B82AE22BF541} = {000E37EB-FA5D-485F-991C-29B661E99468}
		{8C74B459-2A71-440B-9DB2-AACD0F08508F} = {E00BDC7C-E1BD-4A20-9F68-B82AE22BF541}
		{9E20DE7E-185F-45EC-8672-67E92EBEDB0A} = {E00BDC7C-E1BD-4A20-9F68-B82AE22BF541}
		{D8019E82-784B-4A5D-ADA7-637314546826} = {E00BDC7C-E1BD-4A20-9F68-B82AE22BF541}
		{08788370-A913-48E8-B67E-DDD7166C47EC} = {E00BDC7C-E1BD-4A20-9F68-B82AE22BF541}
		{215B7D3E-46E2-470F-8CC7-DBBBF2438AB2} = {E00BDC7C-E1BD-4A20-9F68-B82AE22BF541}
		{031734DB-DFBD-42A0-A1A5-355EC2336DE6} = {E00BDC7C-E1BD-4A20-9F68-B82AE22BF541}
		{2C4EE125-1365-4E8D-AEE5-72AB981F2C37} = {B1E89AA8-5CDD-4454-B4E6-96BBBCEF13C1}
		{53EBF28A-1232-4083-9F87-4C03D7FCDC05} = {B1E89AA8-5CDD-4454-B4E6-96BBBCEF13C1}
		{2C9872F1-59CB-42B6-AC9F-D97DE274B95F} = {B1E89AA8-5CDD-4454-B4E6-96BBBCEF13C1}
		{22BC1ED5-B229-4C6C-A147-C7E65BB26E44} = {B1E89AA8-5CDD-4454-B4E6-96BBBCEF13C1}
		{0716DE25-9E4B-44B0-A0B9-29B209525F64} = {43758C9B-B2D1-4A27-859F-8798FD5D39A5}
		{4B9E807D-1105-4FC9-B46C-A5419F28979D} = {43758C9B-B2D1-4A27-859F-8798FD5D39A5}
		{C28C1B80-82E0-455B-AF38-2E5724ABCB48} = {43758C9B-B2D1-4A27-859F-8798FD5D39A5}
		{C924417B-D597-4531-B5A1-AB1BB3EBA8A3} = {43758C9B-B2D1-4A27-859F-8798FD5D39A5}
		{2A328680-EC6F-4CB5-A32E-0A5E8E03331A} = {9B70D95D-D060-419C-B139-BD95CEAB4A89}
		{B61FF291-284E-44D5-ABF2-C22179EF4644} = {9B70D95D-D060-419C-B139-BD95CEAB4A89}
		{C23D5101-B68A-42A3-AD96-1A42A3A11171} = {B61FF291-284E-44D5-ABF2-C22179EF4644}
		{DB5EE8E8-1B85-4773-9F2B-F4A7B98E4099} = {9B70D95D-D060-419C-B139-BD95CEAB4A89}
		{128B4B83-285D-4870-9FB7-9D2DEC71BD6C} = {9B70D95D-D060-419C-B139-BD95CEAB4A89}
		{657223F8-D28B-4A45-A6FB-86F764DEDB7A} = {9B70D95D-D060-419C-B139-BD95CEAB4A89}
		{F8165CD0-D2D6-4791-ADDE-C9BFD2322D53} = {C42247F0-F5B1-47FE-901A-523A80C88D6C}
		{6ADF0F32-CBA2-4D39-AE22-3A1EF73A4C21} = {F8165CD0-D2D6-4791-ADDE-C9BFD2322D53}
		{BABF4845-A308-460E-BE6A-033544FCAE3F} = {F8165CD0-D2D6-4791-ADDE-C9BFD2322D53}
		{D3A45088-DD07-4796-9F2F-3160E778E223} = {F8165CD0-D2D6-4791-ADDE-C9BFD2322D53}
		{7667CCFE-F301-43D6-8A84-4FA1EC16625A} = {F8165CD0-D2D6-4791-ADDE-C9BFD2322D53}
		{BADEE6AB-6A16-4F80-A53C-1EB26D6D548E} = {F8165CD0-D2D6-4791-ADDE-C9BFD2322D53}
		{B8771E98-77E2-4146-8A91-78E0945251CC} = {F8165CD0-D2D6-4791-ADDE-C9BFD2322D53}
		{C5D565FF-3B51-44BB-909E-A11825160A35} = {F8165CD0-D2D6-4791-ADDE-C9BFD2322D53}
		{6CD53388-76D9-4846-BAF2-4418EEEE6E31} = {F8165CD0-D2D6-4791-ADDE-C9BFD2322D53}
		{C3DE8954-7A40-4B21-8E5C-E10A0BAE6A36} = {E149B8EF-79FA-42B4-9773-833E9E06EAD0}
		{BCD13094-23D5-4C4B-87A2-2F3A2C7673A3} = {E149B8EF-79FA-42B4-9773-833E9E06EAD0}
		{CD9FA06B-CD17-48D3-B84A-EC5C549388B4} = {D0D31BD7-8F3C-4020-808C-2500F3B16E10}
		{F4DF7299-CD44-4DFC-9DDB-88D8ADD915CC} = {D0D31BD7-8F3C-4020-808C-2500F3B16E10}
		{F99DDA48-1939-4903-B543-30006A4787EB} = {8EB316CB-54E7-4669-905A-28FA6DFDD5FB}
		{5A968DCB-E519-4C4E-8E2C-6062DB10C222} = {8EB316CB-54E7-4669-905A-28FA6DFDD5FB}
		{34A4F2C5-FAC7-4D4F-B746-BA2C83BE7D23} = {8EB316CB-54E7-4669-905A-28FA6DFDD5FB}
		{9F0CB587-9A24-40C4-9A31-60D62E8502A1} = {4AD5D5E9-2011-47F4-AF0A-AB90DE85FBF6}
	EndGlobalSection
EndGlobal
