
Microsoft Visual Studio Solution File, Format Version 12.00
# Visual Studio Version 17
VisualStudioVersion = 17.0.31903.59
MinimumVisualStudioVersion = 10.0.40219.1
Project("{FAE04EC0-301F-11D3-BF4B-00C04F79EFBC}") = "anhpm", "anhpm\anhpm.csproj", "{46E2FD13-FEE1-44E9-A943-78C461F9FDD1}"
EndProject
Project("{2150E333-8FDC-42A3-9474-1A3956D46DE8}") = "session1", "session1", "{BE45F7BC-806A-47ED-B53D-EF990DDD0573}"
EndProject
Project("{FAE04EC0-301F-11D3-BF4B-00C04F79EFBC}") = "test2", "session1\test2\test2.csproj", "{22FCCCE6-5D39-4D27-9D0B-98D769B75506}"
EndProject
Project("{FAE04EC0-301F-11D3-BF4B-00C04F79EFBC}") = "test1", "session1\test1\test1.csproj", "{0D0F93C5-198E-47DC-8EB6-D1855E5CACB7}"
EndProject
Project("{2150E333-8FDC-42A3-9474-1A3956D46DE8}") = "ConsoleApp1", "ConsoleApp1", "{8AFFA844-7EEB-4C1E-8FA6-C8AE168961FF}"
EndProject
Project("{FAE04EC0-301F-11D3-BF4B-00C04F79EFBC}") = "ConsoleApp1", "ConsoleApp1\ConsoleApp1\ConsoleApp1.csproj", "{468BC6EE-72E9-447B-A303-3C4699C059DD}"
EndProject
Project("{2150E333-8FDC-42A3-9474-1A3956D46DE8}") = "donam2539@gmail.com", "donam2539@gmail.com", "{C7FCDA51-E2D3-4E76-8991-D3043D03A072}"
EndProject
Project("{2150E333-8FDC-42A3-9474-1A3956D46DE8}") = "homework", "homework", "{24362B5D-A5B2-464E-9BCE-915D141B3B75}"
EndProject
Project("{FAE04EC0-301F-11D3-BF4B-00C04F79EFBC}") = "lession3", "donam2539@gmail.com\homework\lession3\lession3.csproj", "{C666B7CD-713E-4EEE-84DF-4AD20A35097E}"
EndProject
Project("{FAE04EC0-301F-11D3-BF4B-00C04F79EFBC}") = "lession1", "donam2539@gmail.com\homework\lession1\lession1.csproj", "{6DD4A78C-6D6E-499C-BE91-3C851F9B2E5F}"
EndProject
Project("{FAE04EC0-301F-11D3-BF4B-00C04F79EFBC}") = "lession2", "donam2539@gmail.com\homework\lession2\lession2.csproj", "{7C8053ED-1353-4231-ABE8-20BD5FC85093}"
EndProject
Project("{2150E333-8FDC-42A3-9474-1A3956D46DE8}") = "chungnb", "chungnb", "{4DBD7914-D218-4093-B82C-D481F0D79CA4}"
EndProject
Project("{FAE04EC0-301F-11D3-BF4B-00C04F79EFBC}") = "ChungnbSolutions", "chungnb\ChungnbSolutions\ChungnbSolutions.csproj", "{1FA21A68-6496-46F2-949A-AC235CEDD920}"
EndProject
Project("{2150E333-8FDC-42A3-9474-1A3956D46DE8}") = "ndkdzl", "ndkdzl", "{C6C2CE51-D8F6-428D-B95A-9BD6310DEAC0}"
EndProject
Project("{FAE04EC0-301F-11D3-BF4B-00C04F79EFBC}") = "kiennd", "ndkdzl\exercise4\kiennd.csproj", "{DA69F176-B0A9-4366-83FC-E14803973AFC}"
EndProject
Project("{FAE04EC0-301F-11D3-BF4B-00C04F79EFBC}") = "exercsie9", "ndkdzl\exercsie9\exercsie9.csproj", "{4875D182-5954-4F4F-99B7-43E942BD2021}"
EndProject
Project("{FAE04EC0-301F-11D3-BF4B-00C04F79EFBC}") = "exercise8", "ndkdzl\exercise8\exercise8.csproj", "{273317EE-C5CA-48CC-86FA-46E116D92B04}"
EndProject
Project("{2150E333-8FDC-42A3-9474-1A3956D46DE8}") = "congminh699669@gmail.com", "congminh699669@gmail.com", "{EF9B01C8-48A0-462B-94C1-8D9AFA1871AD}"
EndProject
Project("{FAE04EC0-301F-11D3-BF4B-00C04F79EFBC}") = "test1", "congminh699669@gmail.com\test1\test1.csproj", "{EFA6A1B7-E98E-4679-A938-FB238B7E53FE}"
EndProject
Project("{2150E333-8FDC-42A3-9474-1A3956D46DE8}") = "tanghuy31101999@gmail.com", "tanghuy31101999@gmail.com", "{C3F00A8B-B7FD-4F17-9D9C-FA230DBF31CF}"
EndProject
Project("{2150E333-8FDC-42A3-9474-1A3956D46DE8}") = "ConsoleApp1", "ConsoleApp1", "{73F776D2-CF6B-413D-9533-19C131FAD879}"
EndProject
Project("{FAE04EC0-301F-11D3-BF4B-00C04F79EFBC}") = "ConsoleApp2", "tanghuy31101999@gmail.com\ConsoleApp1\ConsoleApp2\ConsoleApp2.csproj", "{F2FD49DF-5AD7-4CCC-A77A-E8A1B1DC58AD}"
EndProject
Project("{FAE04EC0-301F-11D3-BF4B-00C04F79EFBC}") = "ConsoleApp1", "tanghuy31101999@gmail.com\ConsoleApp1\ConsoleApp1\ConsoleApp1.csproj", "{928070C8-C204-4413-AA9E-B64643AC32D7}"
EndProject
Project("{FAE04EC0-301F-11D3-BF4B-00C04F79EFBC}") = "ConsoleApp3", "tanghuy31101999@gmail.com\ConsoleApp1\ConsoleApp3\ConsoleApp3.csproj", "{01E3742D-2FF3-48CD-88F0-F4148B6D2BC9}"
EndProject
Project("{FAE04EC0-301F-11D3-BF4B-00C04F79EFBC}") = "day1", "tanghuy31101999@gmail.com\ConsoleApp1\day1\day1.csproj", "{BB4144D2-095D-46F8-9159-CFCCEE7E7220}"
EndProject
Project("{2150E333-8FDC-42A3-9474-1A3956D46DE8}") = "vinhhttt@gmail.com", "vinhhttt@gmail.com", "{A60FF492-1111-4821-8AE5-676ABBBB2797}"
EndProject
Project("{FAE04EC0-301F-11D3-BF4B-00C04F79EFBC}") = "ConsoleApp1", "vinhhttt@gmail.com\Day_4_13_08_2024\ConsoleApp1.csproj", "{6CA59212-70AD-4A7C-A930-0153721294D7}"
EndProject
Project("{2150E333-8FDC-42A3-9474-1A3956D46DE8}") = "tranmanhdung1609@gmail.com", "tranmanhdung1609@gmail.com", "{FC13832B-0CDE-400D-98D5-A1AD6DF7D47B}"
EndProject
Project("{FAE04EC0-301F-11D3-BF4B-00C04F79EFBC}") = "exercise", "tranmanhdung1609@gmail.com\exercise\exercise.csproj", "{811B1147-5E1A-405A-A281-F4A7E15613E5}"
EndProject
Project("{2150E333-8FDC-42A3-9474-1A3956D46DE8}") = "session2", "session2", "{055A99F8-3521-4A60-8785-A3990A0390F1}"
EndProject
Project("{FAE04EC0-301F-11D3-BF4B-00C04F79EFBC}") = "whiletruetest", "session2\whiletruetest\whiletruetest.csproj", "{6C59F2EA-0D10-4C49-8B91-0A9438AC2DEB}"
EndProject
Global
	GlobalSection(SolutionConfigurationPlatforms) = preSolution
		Debug|Any CPU = Debug|Any CPU
		Release|Any CPU = Release|Any CPU
	EndGlobalSection
	GlobalSection(SolutionProperties) = preSolution
		HideSolutionNode = FALSE
	EndGlobalSection
	GlobalSection(ProjectConfigurationPlatforms) = postSolution
		{46E2FD13-FEE1-44E9-A943-78C461F9FDD1}.Debug|Any CPU.ActiveCfg = Debug|Any CPU
		{46E2FD13-FEE1-44E9-A943-78C461F9FDD1}.Debug|Any CPU.Build.0 = Debug|Any CPU
		{46E2FD13-FEE1-44E9-A943-78C461F9FDD1}.Release|Any CPU.ActiveCfg = Release|Any CPU
		{46E2FD13-FEE1-44E9-A943-78C461F9FDD1}.Release|Any CPU.Build.0 = Release|Any CPU
		{22FCCCE6-5D39-4D27-9D0B-98D769B75506}.Debug|Any CPU.ActiveCfg = Debug|Any CPU
		{22FCCCE6-5D39-4D27-9D0B-98D769B75506}.Debug|Any CPU.Build.0 = Debug|Any CPU
		{22FCCCE6-5D39-4D27-9D0B-98D769B75506}.Release|Any CPU.ActiveCfg = Release|Any CPU
		{22FCCCE6-5D39-4D27-9D0B-98D769B75506}.Release|Any CPU.Build.0 = Release|Any CPU
		{0D0F93C5-198E-47DC-8EB6-D1855E5CACB7}.Debug|Any CPU.ActiveCfg = Debug|Any CPU
		{0D0F93C5-198E-47DC-8EB6-D1855E5CACB7}.Debug|Any CPU.Build.0 = Debug|Any CPU
		{0D0F93C5-198E-47DC-8EB6-D1855E5CACB7}.Release|Any CPU.ActiveCfg = Release|Any CPU
		{0D0F93C5-198E-47DC-8EB6-D1855E5CACB7}.Release|Any CPU.Build.0 = Release|Any CPU
		{468BC6EE-72E9-447B-A303-3C4699C059DD}.Debug|Any CPU.ActiveCfg = Debug|Any CPU
		{468BC6EE-72E9-447B-A303-3C4699C059DD}.Debug|Any CPU.Build.0 = Debug|Any CPU
		{468BC6EE-72E9-447B-A303-3C4699C059DD}.Release|Any CPU.ActiveCfg = Release|Any CPU
		{468BC6EE-72E9-447B-A303-3C4699C059DD}.Release|Any CPU.Build.0 = Release|Any CPU
		{C666B7CD-713E-4EEE-84DF-4AD20A35097E}.Debug|Any CPU.ActiveCfg = Debug|Any CPU
		{C666B7CD-713E-4EEE-84DF-4AD20A35097E}.Debug|Any CPU.Build.0 = Debug|Any CPU
		{C666B7CD-713E-4EEE-84DF-4AD20A35097E}.Release|Any CPU.ActiveCfg = Release|Any CPU
		{C666B7CD-713E-4EEE-84DF-4AD20A35097E}.Release|Any CPU.Build.0 = Release|Any CPU
		{6DD4A78C-6D6E-499C-BE91-3C851F9B2E5F}.Debug|Any CPU.ActiveCfg = Debug|Any CPU
		{6DD4A78C-6D6E-499C-BE91-3C851F9B2E5F}.Debug|Any CPU.Build.0 = Debug|Any CPU
		{6DD4A78C-6D6E-499C-BE91-3C851F9B2E5F}.Release|Any CPU.ActiveCfg = Release|Any CPU
		{6DD4A78C-6D6E-499C-BE91-3C851F9B2E5F}.Release|Any CPU.Build.0 = Release|Any CPU
		{7C8053ED-1353-4231-ABE8-20BD5FC85093}.Debug|Any CPU.ActiveCfg = Debug|Any CPU
		{7C8053ED-1353-4231-ABE8-20BD5FC85093}.Debug|Any CPU.Build.0 = Debug|Any CPU
		{7C8053ED-1353-4231-ABE8-20BD5FC85093}.Release|Any CPU.ActiveCfg = Release|Any CPU
		{7C8053ED-1353-4231-ABE8-20BD5FC85093}.Release|Any CPU.Build.0 = Release|Any CPU
		{1FA21A68-6496-46F2-949A-AC235CEDD920}.Debug|Any CPU.ActiveCfg = Debug|Any CPU
		{1FA21A68-6496-46F2-949A-AC235CEDD920}.Debug|Any CPU.Build.0 = Debug|Any CPU
		{1FA21A68-6496-46F2-949A-AC235CEDD920}.Release|Any CPU.ActiveCfg = Release|Any CPU
		{1FA21A68-6496-46F2-949A-AC235CEDD920}.Release|Any CPU.Build.0 = Release|Any CPU
		{DA69F176-B0A9-4366-83FC-E14803973AFC}.Debug|Any CPU.ActiveCfg = Debug|Any CPU
		{DA69F176-B0A9-4366-83FC-E14803973AFC}.Debug|Any CPU.Build.0 = Debug|Any CPU
		{DA69F176-B0A9-4366-83FC-E14803973AFC}.Release|Any CPU.ActiveCfg = Release|Any CPU
		{DA69F176-B0A9-4366-83FC-E14803973AFC}.Release|Any CPU.Build.0 = Release|Any CPU
		{4875D182-5954-4F4F-99B7-43E942BD2021}.Debug|Any CPU.ActiveCfg = Debug|Any CPU
		{4875D182-5954-4F4F-99B7-43E942BD2021}.Debug|Any CPU.Build.0 = Debug|Any CPU
		{4875D182-5954-4F4F-99B7-43E942BD2021}.Release|Any CPU.ActiveCfg = Release|Any CPU
		{4875D182-5954-4F4F-99B7-43E942BD2021}.Release|Any CPU.Build.0 = Release|Any CPU
		{273317EE-C5CA-48CC-86FA-46E116D92B04}.Debug|Any CPU.ActiveCfg = Debug|Any CPU
		{273317EE-C5CA-48CC-86FA-46E116D92B04}.Debug|Any CPU.Build.0 = Debug|Any CPU
		{273317EE-C5CA-48CC-86FA-46E116D92B04}.Release|Any CPU.ActiveCfg = Release|Any CPU
		{273317EE-C5CA-48CC-86FA-46E116D92B04}.Release|Any CPU.Build.0 = Release|Any CPU
		{EFA6A1B7-E98E-4679-A938-FB238B7E53FE}.Debug|Any CPU.ActiveCfg = Debug|Any CPU
		{EFA6A1B7-E98E-4679-A938-FB238B7E53FE}.Debug|Any CPU.Build.0 = Debug|Any CPU
		{EFA6A1B7-E98E-4679-A938-FB238B7E53FE}.Release|Any CPU.ActiveCfg = Release|Any CPU
		{EFA6A1B7-E98E-4679-A938-FB238B7E53FE}.Release|Any CPU.Build.0 = Release|Any CPU
		{F2FD49DF-5AD7-4CCC-A77A-E8A1B1DC58AD}.Debug|Any CPU.ActiveCfg = Debug|Any CPU
		{F2FD49DF-5AD7-4CCC-A77A-E8A1B1DC58AD}.Debug|Any CPU.Build.0 = Debug|Any CPU
		{F2FD49DF-5AD7-4CCC-A77A-E8A1B1DC58AD}.Release|Any CPU.ActiveCfg = Release|Any CPU
		{F2FD49DF-5AD7-4CCC-A77A-E8A1B1DC58AD}.Release|Any CPU.Build.0 = Release|Any CPU
		{928070C8-C204-4413-AA9E-B64643AC32D7}.Debug|Any CPU.ActiveCfg = Debug|Any CPU
		{928070C8-C204-4413-AA9E-B64643AC32D7}.Debug|Any CPU.Build.0 = Debug|Any CPU
		{928070C8-C204-4413-AA9E-B64643AC32D7}.Release|Any CPU.ActiveCfg = Release|Any CPU
		{928070C8-C204-4413-AA9E-B64643AC32D7}.Release|Any CPU.Build.0 = Release|Any CPU
		{01E3742D-2FF3-48CD-88F0-F4148B6D2BC9}.Debug|Any CPU.ActiveCfg = Debug|Any CPU
		{01E3742D-2FF3-48CD-88F0-F4148B6D2BC9}.Debug|Any CPU.Build.0 = Debug|Any CPU
		{01E3742D-2FF3-48CD-88F0-F4148B6D2BC9}.Release|Any CPU.ActiveCfg = Release|Any CPU
		{01E3742D-2FF3-48CD-88F0-F4148B6D2BC9}.Release|Any CPU.Build.0 = Release|Any CPU
		{BB4144D2-095D-46F8-9159-CFCCEE7E7220}.Debug|Any CPU.ActiveCfg = Debug|Any CPU
		{BB4144D2-095D-46F8-9159-CFCCEE7E7220}.Debug|Any CPU.Build.0 = Debug|Any CPU
		{BB4144D2-095D-46F8-9159-CFCCEE7E7220}.Release|Any CPU.ActiveCfg = Release|Any CPU
		{BB4144D2-095D-46F8-9159-CFCCEE7E7220}.Release|Any CPU.Build.0 = Release|Any CPU
		{6CA59212-70AD-4A7C-A930-0153721294D7}.Debug|Any CPU.ActiveCfg = Debug|Any CPU
		{6CA59212-70AD-4A7C-A930-0153721294D7}.Debug|Any CPU.Build.0 = Debug|Any CPU
		{6CA59212-70AD-4A7C-A930-0153721294D7}.Release|Any CPU.ActiveCfg = Release|Any CPU
		{6CA59212-70AD-4A7C-A930-0153721294D7}.Release|Any CPU.Build.0 = Release|Any CPU
		{811B1147-5E1A-405A-A281-F4A7E15613E5}.Debug|Any CPU.ActiveCfg = Debug|Any CPU
		{811B1147-5E1A-405A-A281-F4A7E15613E5}.Debug|Any CPU.Build.0 = Debug|Any CPU
		{811B1147-5E1A-405A-A281-F4A7E15613E5}.Release|Any CPU.ActiveCfg = Release|Any CPU
		{811B1147-5E1A-405A-A281-F4A7E15613E5}.Release|Any CPU.Build.0 = Release|Any CPU
		{6C59F2EA-0D10-4C49-8B91-0A9438AC2DEB}.Debug|Any CPU.ActiveCfg = Debug|Any CPU
		{6C59F2EA-0D10-4C49-8B91-0A9438AC2DEB}.Debug|Any CPU.Build.0 = Debug|Any CPU
		{6C59F2EA-0D10-4C49-8B91-0A9438AC2DEB}.Release|Any CPU.ActiveCfg = Release|Any CPU
		{6C59F2EA-0D10-4C49-8B91-0A9438AC2DEB}.Release|Any CPU.Build.0 = Release|Any CPU
	EndGlobalSection
	GlobalSection(NestedProjects) = preSolution
		{22FCCCE6-5D39-4D27-9D0B-98D769B75506} = {BE45F7BC-806A-47ED-B53D-EF990DDD0573}
		{0D0F93C5-198E-47DC-8EB6-D1855E5CACB7} = {BE45F7BC-806A-47ED-B53D-EF990DDD0573}
		{468BC6EE-72E9-447B-A303-3C4699C059DD} = {8AFFA844-7EEB-4C1E-8FA6-C8AE168961FF}
		{24362B5D-A5B2-464E-9BCE-915D141B3B75} = {C7FCDA51-E2D3-4E76-8991-D3043D03A072}
		{C666B7CD-713E-4EEE-84DF-4AD20A35097E} = {24362B5D-A5B2-464E-9BCE-915D141B3B75}
		{6DD4A78C-6D6E-499C-BE91-3C851F9B2E5F} = {24362B5D-A5B2-464E-9BCE-915D141B3B75}
		{7C8053ED-1353-4231-ABE8-20BD5FC85093} = {24362B5D-A5B2-464E-9BCE-915D141B3B75}
		{1FA21A68-6496-46F2-949A-AC235CEDD920} = {4DBD7914-D218-4093-B82C-D481F0D79CA4}
		{DA69F176-B0A9-4366-83FC-E14803973AFC} = {C6C2CE51-D8F6-428D-B95A-9BD6310DEAC0}
		{4875D182-5954-4F4F-99B7-43E942BD2021} = {C6C2CE51-D8F6-428D-B95A-9BD6310DEAC0}
		{273317EE-C5CA-48CC-86FA-46E116D92B04} = {C6C2CE51-D8F6-428D-B95A-9BD6310DEAC0}
		{EFA6A1B7-E98E-4679-A938-FB238B7E53FE} = {EF9B01C8-48A0-462B-94C1-8D9AFA1871AD}
		{73F776D2-CF6B-413D-9533-19C131FAD879} = {C3F00A8B-B7FD-4F17-9D9C-FA230DBF31CF}
		{F2FD49DF-5AD7-4CCC-A77A-E8A1B1DC58AD} = {73F776D2-CF6B-413D-9533-19C131FAD879}
		{928070C8-C204-4413-AA9E-B64643AC32D7} = {73F776D2-CF6B-413D-9533-19C131FAD879}
		{01E3742D-2FF3-48CD-88F0-F4148B6D2BC9} = {73F776D2-CF6B-413D-9533-19C131FAD879}
		{BB4144D2-095D-46F8-9159-CFCCEE7E7220} = {73F776D2-CF6B-413D-9533-19C131FAD879}
		{6CA59212-70AD-4A7C-A930-0153721294D7} = {A60FF492-1111-4821-8AE5-676ABBBB2797}
		{811B1147-5E1A-405A-A281-F4A7E15613E5} = {FC13832B-0CDE-400D-98D5-A1AD6DF7D47B}
		{6C59F2EA-0D10-4C49-8B91-0A9438AC2DEB} = {055A99F8-3521-4A60-8785-A3990A0390F1}
	EndGlobalSection
EndGlobal
