
Microsoft Visual Studio Solution File, Format Version 12.00
# Visual Studio Version 16
VisualStudioVersion = 16.0.31410.357
MinimumVisualStudioVersion = 10.0.40219.1
Project("{FAE04EC0-301F-11D3-BF4B-00C04F79EFBC}") = "Api async mongo", "Api async mongo\Api async mongo.csproj", "{B48FCD0C-6D93-4438-9BD9-3ED7DE747C80}"
EndProject
Global
	GlobalSection(SolutionConfigurationPlatforms) = preSolution
		Debug|Any CPU = Debug|Any CPU
		Release|Any CPU = Release|Any CPU
	EndGlobalSection
	GlobalSection(ProjectConfigurationPlatforms) = postSolution
		{B48FCD0C-6D93-4438-9BD9-3ED7DE747C80}.Debug|Any CPU.ActiveCfg = Debug|Any CPU
		{B48FCD0C-6D93-4438-9BD9-3ED7DE747C80}.Debug|Any CPU.Build.0 = Debug|Any CPU
		{B48FCD0C-6D93-4438-9BD9-3ED7DE747C80}.Release|Any CPU.ActiveCfg = Release|Any CPU
		{B48FCD0C-6D93-4438-9BD9-3ED7DE747C80}.Release|Any CPU.Build.0 = Release|Any CPU
	EndGlobalSection
	GlobalSection(SolutionProperties) = preSolution
		HideSolutionNode = FALSE
	EndGlobalSection
	GlobalSection(ExtensibilityGlobals) = postSolution
		SolutionGuid = {162D087F-CD31-41BD-95AD-2893BF4F89D9}
	EndGlobalSection
EndGlobal
