
Microsoft Visual Studio Solution File, Format Version 12.00
# Visual Studio Version 16
VisualStudioVersion = 16.0.31410.357
MinimumVisualStudioVersion = 10.0.40219.1
Project("{FAE04EC0-301F-11D3-BF4B-00C04F79EFBC}") = "ConsoleApp1", "ConsoleApp1\ConsoleApp1.csproj", "{7364D55C-8494-4FB6-8ED3-AE02FF6886BF}"
EndProject
Global
	GlobalSection(SolutionConfigurationPlatforms) = preSolution
		Debug|Any CPU = Debug|Any CPU
		Release|Any CPU = Release|Any CPU
	EndGlobalSection
	GlobalSection(ProjectConfigurationPlatforms) = postSolution
		{7364D55C-8494-4FB6-8ED3-AE02FF6886BF}.Debug|Any CPU.ActiveCfg = Debug|Any CPU
		{7364D55C-8494-4FB6-8ED3-AE02FF6886BF}.Debug|Any CPU.Build.0 = Debug|Any CPU
		{7364D55C-8494-4FB6-8ED3-AE02FF6886BF}.Release|Any CPU.ActiveCfg = Release|Any CPU
		{7364D55C-8494-4FB6-8ED3-AE02FF6886BF}.Release|Any CPU.Build.0 = Release|Any CPU
	EndGlobalSection
	GlobalSection(SolutionProperties) = preSolution
		HideSolutionNode = FALSE
	EndGlobalSection
	GlobalSection(ExtensibilityGlobals) = postSolution
		SolutionGuid = {6D23B5A1-C6E8-4BE5-8131-B369DC7DB16F}
	EndGlobalSection
EndGlobal
