
Microsoft Visual Studio Solution File, Format Version 12.00
# Visual Studio Version 16
VisualStudioVersion = 16.0.31729.503
MinimumVisualStudioVersion = 10.0.40219.1
Project("{9A19103F-16F7-4668-BE54-9A1E7A4F7556}") = "InternEfConsole", "InternEfConsole.csproj", "{56D5EF41-49CF-4B1D-A23F-1C3D6AE3D6F8}"
EndProject
Global
	GlobalSection(SolutionConfigurationPlatforms) = preSolution
		Debug|Any CPU = Debug|Any CPU
		Release|Any CPU = Release|Any CPU
	EndGlobalSection
	GlobalSection(ProjectConfigurationPlatforms) = postSolution
		{56D5EF41-49CF-4B1D-A23F-1C3D6AE3D6F8}.Debug|Any CPU.ActiveCfg = Debug|Any CPU
		{56D5EF41-49CF-4B1D-A23F-1C3D6AE3D6F8}.Debug|Any CPU.Build.0 = Debug|Any CPU
		{56D5EF41-49CF-4B1D-A23F-1C3D6AE3D6F8}.Release|Any CPU.ActiveCfg = Release|Any CPU
		{56D5EF41-49CF-4B1D-A23F-1C3D6AE3D6F8}.Release|Any CPU.Build.0 = Release|Any CPU
	EndGlobalSection
	GlobalSection(SolutionProperties) = preSolution
		HideSolutionNode = FALSE
	EndGlobalSection
	GlobalSection(ExtensibilityGlobals) = postSolution
		SolutionGuid = {0FEF2CED-8800-4DE1-BB90-4435BA389649}
	EndGlobalSection
EndGlobal
